
Microsoft Visual Studio Solution File, Format Version 12.00
# Visual Studio 15
VisualStudioVersion = 15.0.27428.2005
MinimumVisualStudioVersion = 10.0.40219.1
Project("{FAE04EC0-301F-11D3-BF4B-00C04F79EFBC}") = "FFImageLoadingTransformationsExemplo.Android", "FFImageLoadingTransformationsExemplo\FFImageLoadingTransformationsExemplo.Android\FFImageLoadingTransformationsExemplo.Android.csproj", "{24CA78BB-FD34-422E-A9FE-3583FC722595}"
EndProject
Project("{FAE04EC0-301F-11D3-BF4B-00C04F79EFBC}") = "FFImageLoadingTransformationsExemplo.iOS", "FFImageLoadingTransformationsExemplo\FFImageLoadingTransformationsExemplo.iOS\FFImageLoadingTransformationsExemplo.iOS.csproj", "{E63F42E2-232D-41F9-B696-74E53C5EF2F8}"
EndProject
Project("{FAE04EC0-301F-11D3-BF4B-00C04F79EFBC}") = "FFImageLoadingTransformationsExemplo.UWP", "FFImageLoadingTransformationsExemplo\FFImageLoadingTransformationsExemplo.UWP\FFImageLoadingTransformationsExemplo.UWP.csproj", "{9FBA4082-6FE8-4C53-9656-7D2A0FAA09EF}"
EndProject
Project("{FAE04EC0-301F-11D3-BF4B-00C04F79EFBC}") = "FFImageLoadingTransformationsExemplo", "FFImageLoadingTransformationsExemplo\FFImageLoadingTransformationsExemplo\FFImageLoadingTransformationsExemplo.csproj", "{0A63C07B-83BD-4A61-A04A-B0C63DCE2B79}"
EndProject
Global
	GlobalSection(SolutionConfigurationPlatforms) = preSolution
		Ad-Hoc|Any CPU = Ad-Hoc|Any CPU
		Ad-Hoc|ARM = Ad-Hoc|ARM
		Ad-Hoc|iPhone = Ad-Hoc|iPhone
		Ad-Hoc|iPhoneSimulator = Ad-Hoc|iPhoneSimulator
		Ad-Hoc|x64 = Ad-Hoc|x64
		Ad-Hoc|x86 = Ad-Hoc|x86
		AppStore|Any CPU = AppStore|Any CPU
		AppStore|ARM = AppStore|ARM
		AppStore|iPhone = AppStore|iPhone
		AppStore|iPhoneSimulator = AppStore|iPhoneSimulator
		AppStore|x64 = AppStore|x64
		AppStore|x86 = AppStore|x86
		Debug|Any CPU = Debug|Any CPU
		Debug|ARM = Debug|ARM
		Debug|iPhone = Debug|iPhone
		Debug|iPhoneSimulator = Debug|iPhoneSimulator
		Debug|x64 = Debug|x64
		Debug|x86 = Debug|x86
		Release|Any CPU = Release|Any CPU
		Release|ARM = Release|ARM
		Release|iPhone = Release|iPhone
		Release|iPhoneSimulator = Release|iPhoneSimulator
		Release|x64 = Release|x64
		Release|x86 = Release|x86
	EndGlobalSection
	GlobalSection(ProjectConfigurationPlatforms) = postSolution
		{24CA78BB-FD34-422E-A9FE-3583FC722595}.Ad-Hoc|Any CPU.ActiveCfg = Release|Any CPU
		{24CA78BB-FD34-422E-A9FE-3583FC722595}.Ad-Hoc|Any CPU.Build.0 = Release|Any CPU
		{24CA78BB-FD34-422E-A9FE-3583FC722595}.Ad-Hoc|Any CPU.Deploy.0 = Release|Any CPU
		{24CA78BB-FD34-422E-A9FE-3583FC722595}.Ad-Hoc|ARM.ActiveCfg = Release|Any CPU
		{24CA78BB-FD34-422E-A9FE-3583FC722595}.Ad-Hoc|ARM.Build.0 = Release|Any CPU
		{24CA78BB-FD34-422E-A9FE-3583FC722595}.Ad-Hoc|ARM.Deploy.0 = Release|Any CPU
		{24CA78BB-FD34-422E-A9FE-3583FC722595}.Ad-Hoc|iPhone.ActiveCfg = Release|Any CPU
		{24CA78BB-FD34-422E-A9FE-3583FC722595}.Ad-Hoc|iPhone.Build.0 = Release|Any CPU
		{24CA78BB-FD34-422E-A9FE-3583FC722595}.Ad-Hoc|iPhone.Deploy.0 = Release|Any CPU
		{24CA78BB-FD34-422E-A9FE-3583FC722595}.Ad-Hoc|iPhoneSimulator.ActiveCfg = Release|Any CPU
		{24CA78BB-FD34-422E-A9FE-3583FC722595}.Ad-Hoc|iPhoneSimulator.Build.0 = Release|Any CPU
		{24CA78BB-FD34-422E-A9FE-3583FC722595}.Ad-Hoc|iPhoneSimulator.Deploy.0 = Release|Any CPU
		{24CA78BB-FD34-422E-A9FE-3583FC722595}.Ad-Hoc|x64.ActiveCfg = Release|Any CPU
		{24CA78BB-FD34-422E-A9FE-3583FC722595}.Ad-Hoc|x64.Build.0 = Release|Any CPU
		{24CA78BB-FD34-422E-A9FE-3583FC722595}.Ad-Hoc|x64.Deploy.0 = Release|Any CPU
		{24CA78BB-FD34-422E-A9FE-3583FC722595}.Ad-Hoc|x86.ActiveCfg = Release|Any CPU
		{24CA78BB-FD34-422E-A9FE-3583FC722595}.Ad-Hoc|x86.Build.0 = Release|Any CPU
		{24CA78BB-FD34-422E-A9FE-3583FC722595}.Ad-Hoc|x86.Deploy.0 = Release|Any CPU
		{24CA78BB-FD34-422E-A9FE-3583FC722595}.AppStore|Any CPU.ActiveCfg = Release|Any CPU
		{24CA78BB-FD34-422E-A9FE-3583FC722595}.AppStore|Any CPU.Build.0 = Release|Any CPU
		{24CA78BB-FD34-422E-A9FE-3583FC722595}.AppStore|Any CPU.Deploy.0 = Release|Any CPU
		{24CA78BB-FD34-422E-A9FE-3583FC722595}.AppStore|ARM.ActiveCfg = Release|Any CPU
		{24CA78BB-FD34-422E-A9FE-3583FC722595}.AppStore|ARM.Build.0 = Release|Any CPU
		{24CA78BB-FD34-422E-A9FE-3583FC722595}.AppStore|ARM.Deploy.0 = Release|Any CPU
		{24CA78BB-FD34-422E-A9FE-3583FC722595}.AppStore|iPhone.ActiveCfg = Release|Any CPU
		{24CA78BB-FD34-422E-A9FE-3583FC722595}.AppStore|iPhone.Build.0 = Release|Any CPU
		{24CA78BB-FD34-422E-A9FE-3583FC722595}.AppStore|iPhone.Deploy.0 = Release|Any CPU
		{24CA78BB-FD34-422E-A9FE-3583FC722595}.AppStore|iPhoneSimulator.ActiveCfg = Release|Any CPU
		{24CA78BB-FD34-422E-A9FE-3583FC722595}.AppStore|iPhoneSimulator.Build.0 = Release|Any CPU
		{24CA78BB-FD34-422E-A9FE-3583FC722595}.AppStore|iPhoneSimulator.Deploy.0 = Release|Any CPU
		{24CA78BB-FD34-422E-A9FE-3583FC722595}.AppStore|x64.ActiveCfg = Release|Any CPU
		{24CA78BB-FD34-422E-A9FE-3583FC722595}.AppStore|x64.Build.0 = Release|Any CPU
		{24CA78BB-FD34-422E-A9FE-3583FC722595}.AppStore|x64.Deploy.0 = Release|Any CPU
		{24CA78BB-FD34-422E-A9FE-3583FC722595}.AppStore|x86.ActiveCfg = Release|Any CPU
		{24CA78BB-FD34-422E-A9FE-3583FC722595}.AppStore|x86.Build.0 = Release|Any CPU
		{24CA78BB-FD34-422E-A9FE-3583FC722595}.AppStore|x86.Deploy.0 = Release|Any CPU
		{24CA78BB-FD34-422E-A9FE-3583FC722595}.Debug|Any CPU.ActiveCfg = Debug|Any CPU
		{24CA78BB-FD34-422E-A9FE-3583FC722595}.Debug|Any CPU.Build.0 = Debug|Any CPU
		{24CA78BB-FD34-422E-A9FE-3583FC722595}.Debug|Any CPU.Deploy.0 = Debug|Any CPU
		{24CA78BB-FD34-422E-A9FE-3583FC722595}.Debug|ARM.ActiveCfg = Debug|Any CPU
		{24CA78BB-FD34-422E-A9FE-3583FC722595}.Debug|ARM.Build.0 = Debug|Any CPU
		{24CA78BB-FD34-422E-A9FE-3583FC722595}.Debug|ARM.Deploy.0 = Debug|Any CPU
		{24CA78BB-FD34-422E-A9FE-3583FC722595}.Debug|iPhone.ActiveCfg = Debug|Any CPU
		{24CA78BB-FD34-422E-A9FE-3583FC722595}.Debug|iPhone.Build.0 = Debug|Any CPU
		{24CA78BB-FD34-422E-A9FE-3583FC722595}.Debug|iPhone.Deploy.0 = Debug|Any CPU
		{24CA78BB-FD34-422E-A9FE-3583FC722595}.Debug|iPhoneSimulator.ActiveCfg = Debug|Any CPU
		{24CA78BB-FD34-422E-A9FE-3583FC722595}.Debug|iPhoneSimulator.Build.0 = Debug|Any CPU
		{24CA78BB-FD34-422E-A9FE-3583FC722595}.Debug|iPhoneSimulator.Deploy.0 = Debug|Any CPU
		{24CA78BB-FD34-422E-A9FE-3583FC722595}.Debug|x64.ActiveCfg = Debug|Any CPU
		{24CA78BB-FD34-422E-A9FE-3583FC722595}.Debug|x64.Build.0 = Debug|Any CPU
		{24CA78BB-FD34-422E-A9FE-3583FC722595}.Debug|x64.Deploy.0 = Debug|Any CPU
		{24CA78BB-FD34-422E-A9FE-3583FC722595}.Debug|x86.ActiveCfg = Debug|Any CPU
		{24CA78BB-FD34-422E-A9FE-3583FC722595}.Debug|x86.Build.0 = Debug|Any CPU
		{24CA78BB-FD34-422E-A9FE-3583FC722595}.Debug|x86.Deploy.0 = Debug|Any CPU
		{24CA78BB-FD34-422E-A9FE-3583FC722595}.Release|Any CPU.ActiveCfg = Release|Any CPU
		{24CA78BB-FD34-422E-A9FE-3583FC722595}.Release|Any CPU.Build.0 = Release|Any CPU
		{24CA78BB-FD34-422E-A9FE-3583FC722595}.Release|Any CPU.Deploy.0 = Release|Any CPU
		{24CA78BB-FD34-422E-A9FE-3583FC722595}.Release|ARM.ActiveCfg = Release|Any CPU
		{24CA78BB-FD34-422E-A9FE-3583FC722595}.Release|ARM.Build.0 = Release|Any CPU
		{24CA78BB-FD34-422E-A9FE-3583FC722595}.Release|ARM.Deploy.0 = Release|Any CPU
		{24CA78BB-FD34-422E-A9FE-3583FC722595}.Release|iPhone.ActiveCfg = Release|Any CPU
		{24CA78BB-FD34-422E-A9FE-3583FC722595}.Release|iPhone.Build.0 = Release|Any CPU
		{24CA78BB-FD34-422E-A9FE-3583FC722595}.Release|iPhone.Deploy.0 = Release|Any CPU
		{24CA78BB-FD34-422E-A9FE-3583FC722595}.Release|iPhoneSimulator.ActiveCfg = Release|Any CPU
		{24CA78BB-FD34-422E-A9FE-3583FC722595}.Release|iPhoneSimulator.Build.0 = Release|Any CPU
		{24CA78BB-FD34-422E-A9FE-3583FC722595}.Release|iPhoneSimulator.Deploy.0 = Release|Any CPU
		{24CA78BB-FD34-422E-A9FE-3583FC722595}.Release|x64.ActiveCfg = Release|Any CPU
		{24CA78BB-FD34-422E-A9FE-3583FC722595}.Release|x64.Build.0 = Release|Any CPU
		{24CA78BB-FD34-422E-A9FE-3583FC722595}.Release|x64.Deploy.0 = Release|Any CPU
		{24CA78BB-FD34-422E-A9FE-3583FC722595}.Release|x86.ActiveCfg = Release|Any CPU
		{24CA78BB-FD34-422E-A9FE-3583FC722595}.Release|x86.Build.0 = Release|Any CPU
		{24CA78BB-FD34-422E-A9FE-3583FC722595}.Release|x86.Deploy.0 = Release|Any CPU
		{E63F42E2-232D-41F9-B696-74E53C5EF2F8}.Ad-Hoc|Any CPU.ActiveCfg = Ad-Hoc|iPhone
		{E63F42E2-232D-41F9-B696-74E53C5EF2F8}.Ad-Hoc|ARM.ActiveCfg = Ad-Hoc|iPhone
		{E63F42E2-232D-41F9-B696-74E53C5EF2F8}.Ad-Hoc|iPhone.ActiveCfg = Ad-Hoc|iPhone
		{E63F42E2-232D-41F9-B696-74E53C5EF2F8}.Ad-Hoc|iPhone.Build.0 = Ad-Hoc|iPhone
		{E63F42E2-232D-41F9-B696-74E53C5EF2F8}.Ad-Hoc|iPhoneSimulator.ActiveCfg = Ad-Hoc|iPhoneSimulator
		{E63F42E2-232D-41F9-B696-74E53C5EF2F8}.Ad-Hoc|iPhoneSimulator.Build.0 = Ad-Hoc|iPhoneSimulator
		{E63F42E2-232D-41F9-B696-74E53C5EF2F8}.Ad-Hoc|x64.ActiveCfg = Ad-Hoc|iPhone
		{E63F42E2-232D-41F9-B696-74E53C5EF2F8}.Ad-Hoc|x86.ActiveCfg = Ad-Hoc|iPhone
		{E63F42E2-232D-41F9-B696-74E53C5EF2F8}.AppStore|Any CPU.ActiveCfg = AppStore|iPhone
		{E63F42E2-232D-41F9-B696-74E53C5EF2F8}.AppStore|ARM.ActiveCfg = AppStore|iPhone
		{E63F42E2-232D-41F9-B696-74E53C5EF2F8}.AppStore|iPhone.ActiveCfg = AppStore|iPhone
		{E63F42E2-232D-41F9-B696-74E53C5EF2F8}.AppStore|iPhone.Build.0 = AppStore|iPhone
		{E63F42E2-232D-41F9-B696-74E53C5EF2F8}.AppStore|iPhoneSimulator.ActiveCfg = AppStore|iPhoneSimulator
		{E63F42E2-232D-41F9-B696-74E53C5EF2F8}.AppStore|iPhoneSimulator.Build.0 = AppStore|iPhoneSimulator
		{E63F42E2-232D-41F9-B696-74E53C5EF2F8}.AppStore|x64.ActiveCfg = AppStore|iPhone
		{E63F42E2-232D-41F9-B696-74E53C5EF2F8}.AppStore|x86.ActiveCfg = AppStore|iPhone
		{E63F42E2-232D-41F9-B696-74E53C5EF2F8}.Debug|Any CPU.ActiveCfg = Debug|iPhone
		{E63F42E2-232D-41F9-B696-74E53C5EF2F8}.Debug|ARM.ActiveCfg = Debug|iPhone
		{E63F42E2-232D-41F9-B696-74E53C5EF2F8}.Debug|iPhone.ActiveCfg = Debug|iPhone
		{E63F42E2-232D-41F9-B696-74E53C5EF2F8}.Debug|iPhone.Build.0 = Debug|iPhone
		{E63F42E2-232D-41F9-B696-74E53C5EF2F8}.Debug|iPhoneSimulator.ActiveCfg = Debug|iPhoneSimulator
		{E63F42E2-232D-41F9-B696-74E53C5EF2F8}.Debug|iPhoneSimulator.Build.0 = Debug|iPhoneSimulator
		{E63F42E2-232D-41F9-B696-74E53C5EF2F8}.Debug|x64.ActiveCfg = Debug|iPhone
		{E63F42E2-232D-41F9-B696-74E53C5EF2F8}.Debug|x86.ActiveCfg = Debug|iPhone
		{E63F42E2-232D-41F9-B696-74E53C5EF2F8}.Release|Any CPU.ActiveCfg = Release|iPhone
		{E63F42E2-232D-41F9-B696-74E53C5EF2F8}.Release|ARM.ActiveCfg = Release|iPhone
		{E63F42E2-232D-41F9-B696-74E53C5EF2F8}.Release|iPhone.ActiveCfg = Release|iPhone
		{E63F42E2-232D-41F9-B696-74E53C5EF2F8}.Release|iPhone.Build.0 = Release|iPhone
		{E63F42E2-232D-41F9-B696-74E53C5EF2F8}.Release|iPhoneSimulator.ActiveCfg = Release|iPhoneSimulator
		{E63F42E2-232D-41F9-B696-74E53C5EF2F8}.Release|iPhoneSimulator.Build.0 = Release|iPhoneSimulator
		{E63F42E2-232D-41F9-B696-74E53C5EF2F8}.Release|x64.ActiveCfg = Release|iPhone
		{E63F42E2-232D-41F9-B696-74E53C5EF2F8}.Release|x86.ActiveCfg = Release|iPhone
		{9FBA4082-6FE8-4C53-9656-7D2A0FAA09EF}.Ad-Hoc|Any CPU.ActiveCfg = Release|x86
		{9FBA4082-6FE8-4C53-9656-7D2A0FAA09EF}.Ad-Hoc|Any CPU.Build.0 = Release|x86
		{9FBA4082-6FE8-4C53-9656-7D2A0FAA09EF}.Ad-Hoc|Any CPU.Deploy.0 = Release|x86
		{9FBA4082-6FE8-4C53-9656-7D2A0FAA09EF}.Ad-Hoc|ARM.ActiveCfg = Release|ARM
		{9FBA4082-6FE8-4C53-9656-7D2A0FAA09EF}.Ad-Hoc|ARM.Build.0 = Release|ARM
		{9FBA4082-6FE8-4C53-9656-7D2A0FAA09EF}.Ad-Hoc|ARM.Deploy.0 = Release|ARM
		{9FBA4082-6FE8-4C53-9656-7D2A0FAA09EF}.Ad-Hoc|iPhone.ActiveCfg = Release|x86
		{9FBA4082-6FE8-4C53-9656-7D2A0FAA09EF}.Ad-Hoc|iPhone.Build.0 = Release|x86
		{9FBA4082-6FE8-4C53-9656-7D2A0FAA09EF}.Ad-Hoc|iPhone.Deploy.0 = Release|x86
		{9FBA4082-6FE8-4C53-9656-7D2A0FAA09EF}.Ad-Hoc|iPhoneSimulator.ActiveCfg = Release|x86
		{9FBA4082-6FE8-4C53-9656-7D2A0FAA09EF}.Ad-Hoc|iPhoneSimulator.Build.0 = Release|x86
		{9FBA4082-6FE8-4C53-9656-7D2A0FAA09EF}.Ad-Hoc|iPhoneSimulator.Deploy.0 = Release|x86
		{9FBA4082-6FE8-4C53-9656-7D2A0FAA09EF}.Ad-Hoc|x64.ActiveCfg = Release|x64
		{9FBA4082-6FE8-4C53-9656-7D2A0FAA09EF}.Ad-Hoc|x64.Build.0 = Release|x64
		{9FBA4082-6FE8-4C53-9656-7D2A0FAA09EF}.Ad-Hoc|x64.Deploy.0 = Release|x64
		{9FBA4082-6FE8-4C53-9656-7D2A0FAA09EF}.Ad-Hoc|x86.ActiveCfg = Release|x86
		{9FBA4082-6FE8-4C53-9656-7D2A0FAA09EF}.Ad-Hoc|x86.Build.0 = Release|x86
		{9FBA4082-6FE8-4C53-9656-7D2A0FAA09EF}.Ad-Hoc|x86.Deploy.0 = Release|x86
		{9FBA4082-6FE8-4C53-9656-7D2A0FAA09EF}.AppStore|Any CPU.ActiveCfg = Release|x86
		{9FBA4082-6FE8-4C53-9656-7D2A0FAA09EF}.AppStore|Any CPU.Build.0 = Release|x86
		{9FBA4082-6FE8-4C53-9656-7D2A0FAA09EF}.AppStore|Any CPU.Deploy.0 = Release|x86
		{9FBA4082-6FE8-4C53-9656-7D2A0FAA09EF}.AppStore|ARM.ActiveCfg = Release|ARM
		{9FBA4082-6FE8-4C53-9656-7D2A0FAA09EF}.AppStore|ARM.Build.0 = Release|ARM
		{9FBA4082-6FE8-4C53-9656-7D2A0FAA09EF}.AppStore|ARM.Deploy.0 = Release|ARM
		{9FBA4082-6FE8-4C53-9656-7D2A0FAA09EF}.AppStore|iPhone.ActiveCfg = Release|x86
		{9FBA4082-6FE8-4C53-9656-7D2A0FAA09EF}.AppStore|iPhone.Build.0 = Release|x86
		{9FBA4082-6FE8-4C53-9656-7D2A0FAA09EF}.AppStore|iPhone.Deploy.0 = Release|x86
		{9FBA4082-6FE8-4C53-9656-7D2A0FAA09EF}.AppStore|iPhoneSimulator.ActiveCfg = Release|x86
		{9FBA4082-6FE8-4C53-9656-7D2A0FAA09EF}.AppStore|iPhoneSimulator.Build.0 = Release|x86
		{9FBA4082-6FE8-4C53-9656-7D2A0FAA09EF}.AppStore|iPhoneSimulator.Deploy.0 = Release|x86
		{9FBA4082-6FE8-4C53-9656-7D2A0FAA09EF}.AppStore|x64.ActiveCfg = Release|x64
		{9FBA4082-6FE8-4C53-9656-7D2A0FAA09EF}.AppStore|x64.Build.0 = Release|x64
		{9FBA4082-6FE8-4C53-9656-7D2A0FAA09EF}.AppStore|x64.Deploy.0 = Release|x64
		{9FBA4082-6FE8-4C53-9656-7D2A0FAA09EF}.AppStore|x86.ActiveCfg = Release|x86
		{9FBA4082-6FE8-4C53-9656-7D2A0FAA09EF}.AppStore|x86.Build.0 = Release|x86
		{9FBA4082-6FE8-4C53-9656-7D2A0FAA09EF}.AppStore|x86.Deploy.0 = Release|x86
		{9FBA4082-6FE8-4C53-9656-7D2A0FAA09EF}.Debug|Any CPU.ActiveCfg = Debug|x86
		{9FBA4082-6FE8-4C53-9656-7D2A0FAA09EF}.Debug|ARM.ActiveCfg = Debug|ARM
		{9FBA4082-6FE8-4C53-9656-7D2A0FAA09EF}.Debug|ARM.Build.0 = Debug|ARM
		{9FBA4082-6FE8-4C53-9656-7D2A0FAA09EF}.Debug|ARM.Deploy.0 = Debug|ARM
		{9FBA4082-6FE8-4C53-9656-7D2A0FAA09EF}.Debug|iPhone.ActiveCfg = Debug|x86
		{9FBA4082-6FE8-4C53-9656-7D2A0FAA09EF}.Debug|iPhoneSimulator.ActiveCfg = Debug|x86
		{9FBA4082-6FE8-4C53-9656-7D2A0FAA09EF}.Debug|x64.ActiveCfg = Debug|x64
		{9FBA4082-6FE8-4C53-9656-7D2A0FAA09EF}.Debug|x64.Build.0 = Debug|x64
		{9FBA4082-6FE8-4C53-9656-7D2A0FAA09EF}.Debug|x64.Deploy.0 = Debug|x64
		{9FBA4082-6FE8-4C53-9656-7D2A0FAA09EF}.Debug|x86.ActiveCfg = Debug|x86
		{9FBA4082-6FE8-4C53-9656-7D2A0FAA09EF}.Debug|x86.Build.0 = Debug|x86
		{9FBA4082-6FE8-4C53-9656-7D2A0FAA09EF}.Debug|x86.Deploy.0 = Debug|x86
		{9FBA4082-6FE8-4C53-9656-7D2A0FAA09EF}.Release|Any CPU.ActiveCfg = Release|x86
		{9FBA4082-6FE8-4C53-9656-7D2A0FAA09EF}.Release|ARM.ActiveCfg = Release|ARM
		{9FBA4082-6FE8-4C53-9656-7D2A0FAA09EF}.Release|ARM.Build.0 = Release|ARM
		{9FBA4082-6FE8-4C53-9656-7D2A0FAA09EF}.Release|ARM.Deploy.0 = Release|ARM
		{9FBA4082-6FE8-4C53-9656-7D2A0FAA09EF}.Release|iPhone.ActiveCfg = Release|x86
		{9FBA4082-6FE8-4C53-9656-7D2A0FAA09EF}.Release|iPhoneSimulator.ActiveCfg = Release|x86
		{9FBA4082-6FE8-4C53-9656-7D2A0FAA09EF}.Release|x64.ActiveCfg = Release|x64
		{9FBA4082-6FE8-4C53-9656-7D2A0FAA09EF}.Release|x64.Build.0 = Release|x64
		{9FBA4082-6FE8-4C53-9656-7D2A0FAA09EF}.Release|x64.Deploy.0 = Release|x64
		{9FBA4082-6FE8-4C53-9656-7D2A0FAA09EF}.Release|x86.ActiveCfg = Release|x86
		{9FBA4082-6FE8-4C53-9656-7D2A0FAA09EF}.Release|x86.Build.0 = Release|x86
		{9FBA4082-6FE8-4C53-9656-7D2A0FAA09EF}.Release|x86.Deploy.0 = Release|x86
		{0A63C07B-83BD-4A61-A04A-B0C63DCE2B79}.Ad-Hoc|Any CPU.ActiveCfg = Debug|Any CPU
		{0A63C07B-83BD-4A61-A04A-B0C63DCE2B79}.Ad-Hoc|Any CPU.Build.0 = Debug|Any CPU
		{0A63C07B-83BD-4A61-A04A-B0C63DCE2B79}.Ad-Hoc|ARM.ActiveCfg = Debug|Any CPU
		{0A63C07B-83BD-4A61-A04A-B0C63DCE2B79}.Ad-Hoc|ARM.Build.0 = Debug|Any CPU
		{0A63C07B-83BD-4A61-A04A-B0C63DCE2B79}.Ad-Hoc|iPhone.ActiveCfg = Debug|Any CPU
		{0A63C07B-83BD-4A61-A04A-B0C63DCE2B79}.Ad-Hoc|iPhone.Build.0 = Debug|Any CPU
		{0A63C07B-83BD-4A61-A04A-B0C63DCE2B79}.Ad-Hoc|iPhoneSimulator.ActiveCfg = Debug|Any CPU
		{0A63C07B-83BD-4A61-A04A-B0C63DCE2B79}.Ad-Hoc|iPhoneSimulator.Build.0 = Debug|Any CPU
		{0A63C07B-83BD-4A61-A04A-B0C63DCE2B79}.Ad-Hoc|x64.ActiveCfg = Debug|Any CPU
		{0A63C07B-83BD-4A61-A04A-B0C63DCE2B79}.Ad-Hoc|x64.Build.0 = Debug|Any CPU
		{0A63C07B-83BD-4A61-A04A-B0C63DCE2B79}.Ad-Hoc|x86.ActiveCfg = Debug|Any CPU
		{0A63C07B-83BD-4A61-A04A-B0C63DCE2B79}.Ad-Hoc|x86.Build.0 = Debug|Any CPU
		{0A63C07B-83BD-4A61-A04A-B0C63DCE2B79}.AppStore|Any CPU.ActiveCfg = Debug|Any CPU
		{0A63C07B-83BD-4A61-A04A-B0C63DCE2B79}.AppStore|Any CPU.Build.0 = Debug|Any CPU
		{0A63C07B-83BD-4A61-A04A-B0C63DCE2B79}.AppStore|ARM.ActiveCfg = Debug|Any CPU
		{0A63C07B-83BD-4A61-A04A-B0C63DCE2B79}.AppStore|ARM.Build.0 = Debug|Any CPU
		{0A63C07B-83BD-4A61-A04A-B0C63DCE2B79}.AppStore|iPhone.ActiveCfg = Debug|Any CPU
		{0A63C07B-83BD-4A61-A04A-B0C63DCE2B79}.AppStore|iPhone.Build.0 = Debug|Any CPU
		{0A63C07B-83BD-4A61-A04A-B0C63DCE2B79}.AppStore|iPhoneSimulator.ActiveCfg = Debug|Any CPU
		{0A63C07B-83BD-4A61-A04A-B0C63DCE2B79}.AppStore|iPhoneSimulator.Build.0 = Debug|Any CPU
		{0A63C07B-83BD-4A61-A04A-B0C63DCE2B79}.AppStore|x64.ActiveCfg = Debug|Any CPU
		{0A63C07B-83BD-4A61-A04A-B0C63DCE2B79}.AppStore|x64.Build.0 = Debug|Any CPU
		{0A63C07B-83BD-4A61-A04A-B0C63DCE2B79}.AppStore|x86.ActiveCfg = Debug|Any CPU
		{0A63C07B-83BD-4A61-A04A-B0C63DCE2B79}.AppStore|x86.Build.0 = Debug|Any CPU
		{0A63C07B-83BD-4A61-A04A-B0C63DCE2B79}.Debug|Any CPU.ActiveCfg = Debug|Any CPU
		{0A63C07B-83BD-4A61-A04A-B0C63DCE2B79}.Debug|Any CPU.Build.0 = Debug|Any CPU
		{0A63C07B-83BD-4A61-A04A-B0C63DCE2B79}.Debug|ARM.ActiveCfg = Debug|Any CPU
		{0A63C07B-83BD-4A61-A04A-B0C63DCE2B79}.Debug|ARM.Build.0 = Debug|Any CPU
		{0A63C07B-83BD-4A61-A04A-B0C63DCE2B79}.Debug|iPhone.ActiveCfg = Debug|Any CPU
		{0A63C07B-83BD-4A61-A04A-B0C63DCE2B79}.Debug|iPhone.Build.0 = Debug|Any CPU
		{0A63C07B-83BD-4A61-A04A-B0C63DCE2B79}.Debug|iPhoneSimulator.ActiveCfg = Debug|Any CPU
		{0A63C07B-83BD-4A61-A04A-B0C63DCE2B79}.Debug|iPhoneSimulator.Build.0 = Debug|Any CPU
		{0A63C07B-83BD-4A61-A04A-B0C63DCE2B79}.Debug|x64.ActiveCfg = Debug|Any CPU
		{0A63C07B-83BD-4A61-A04A-B0C63DCE2B79}.Debug|x64.Build.0 = Debug|Any CPU
		{0A63C07B-83BD-4A61-A04A-B0C63DCE2B79}.Debug|x86.ActiveCfg = Debug|Any CPU
		{0A63C07B-83BD-4A61-A04A-B0C63DCE2B79}.Debug|x86.Build.0 = Debug|Any CPU
		{0A63C07B-83BD-4A61-A04A-B0C63DCE2B79}.Release|Any CPU.ActiveCfg = Release|Any CPU
		{0A63C07B-83BD-4A61-A04A-B0C63DCE2B79}.Release|Any CPU.Build.0 = Release|Any CPU
		{0A63C07B-83BD-4A61-A04A-B0C63DCE2B79}.Release|ARM.ActiveCfg = Release|Any CPU
		{0A63C07B-83BD-4A61-A04A-B0C63DCE2B79}.Release|ARM.Build.0 = Release|Any CPU
		{0A63C07B-83BD-4A61-A04A-B0C63DCE2B79}.Release|iPhone.ActiveCfg = Release|Any CPU
		{0A63C07B-83BD-4A61-A04A-B0C63DCE2B79}.Release|iPhone.Build.0 = Release|Any CPU
		{0A63C07B-83BD-4A61-A04A-B0C63DCE2B79}.Release|iPhoneSimulator.ActiveCfg = Release|Any CPU
		{0A63C07B-83BD-4A61-A04A-B0C63DCE2B79}.Release|iPhoneSimulator.Build.0 = Release|Any CPU
		{0A63C07B-83BD-4A61-A04A-B0C63DCE2B79}.Release|x64.ActiveCfg = Release|Any CPU
		{0A63C07B-83BD-4A61-A04A-B0C63DCE2B79}.Release|x64.Build.0 = Release|Any CPU
		{0A63C07B-83BD-4A61-A04A-B0C63DCE2B79}.Release|x86.ActiveCfg = Release|Any CPU
		{0A63C07B-83BD-4A61-A04A-B0C63DCE2B79}.Release|x86.Build.0 = Release|Any CPU
	EndGlobalSection
	GlobalSection(SolutionProperties) = preSolution
		HideSolutionNode = FALSE
	EndGlobalSection
	GlobalSection(ExtensibilityGlobals) = postSolution
		SolutionGuid = {18DCAD39-AF98-4529-96E6-C18B619DFBE9}
	EndGlobalSection
EndGlobal
